// !$*UTF8*$!
{
	archiveVersion = 1;
	classes = {
	};
	objectVersion = 56;
	objects = {

/* Begin PBXBuildFile section */
		381E15F728D3A84700B1EE9B /* AppDelegate.swift in Sources */ = {isa = PBXBuildFile; fileRef = 381E15F628D3A84700B1EE9B /* AppDelegate.swift */; };
		381E15F928D3A84700B1EE9B /* SceneDelegate.swift in Sources */ = {isa = PBXBuildFile; fileRef = 381E15F828D3A84700B1EE9B /* SceneDelegate.swift */; };
		381E15FB28D3A84700B1EE9B /* ViewController.swift in Sources */ = {isa = PBXBuildFile; fileRef = 381E15FA28D3A84700B1EE9B /* ViewController.swift */; };
		381E15FE28D3A84700B1EE9B /* Main.storyboard in Resources */ = {isa = PBXBuildFile; fileRef = 381E15FC28D3A84700B1EE9B /* Main.storyboard */; };
		381E160028D3A84800B1EE9B /* Assets.xcassets in Resources */ = {isa = PBXBuildFile; fileRef = 381E15FF28D3A84800B1EE9B /* Assets.xcassets */; };
		381E160328D3A84800B1EE9B /* LaunchScreen.storyboard in Resources */ = {isa = PBXBuildFile; fileRef = 381E160128D3A84800B1EE9B /* LaunchScreen.storyboard */; };
		382F6A8728D3BB5300BE1E25 /* UIColor+Hex.swift in Sources */ = {isa = PBXBuildFile; fileRef = 382F6A8628D3BB5300BE1E25 /* UIColor+Hex.swift */; };
		382F6AEE28D4D27600BE1E25 /* ColorViewController.swift in Sources */ = {isa = PBXBuildFile; fileRef = 382F6AED28D4D27600BE1E25 /* ColorViewController.swift */; };
		382F6AF028D4D36000BE1E25 /* CoolTransition.swift in Sources */ = {isa = PBXBuildFile; fileRef = 382F6AEF28D4D36000BE1E25 /* CoolTransition.swift */; };
		382F6AF228D4E0B900BE1E25 /* ColorView.swift in Sources */ = {isa = PBXBuildFile; fileRef = 382F6AF128D4E0B900BE1E25 /* ColorView.swift */; };
		382F6AF428D4E0DD00BE1E25 /* ColorModel.swift in Sources */ = {isa = PBXBuildFile; fileRef = 382F6AF328D4E0DD00BE1E25 /* ColorModel.swift */; };
		382F6AF728D5083500BE1E25 /* PreparableForDismiss.swift in Sources */ = {isa = PBXBuildFile; fileRef = 382F6AF628D5083500BE1E25 /* PreparableForDismiss.swift */; };
		382F6AFA28D508FC00BE1E25 /* CoolPresentationController.swift in Sources */ = {isa = PBXBuildFile; fileRef = 382F6AF928D508FC00BE1E25 /* CoolPresentationController.swift */; };
		382F6AFC28D5092A00BE1E25 /* CoolPresentAnimation.swift in Sources */ = {isa = PBXBuildFile; fileRef = 382F6AFB28D5092A00BE1E25 /* CoolPresentAnimation.swift */; };
		382F6AFE28D5094100BE1E25 /* CoolDismissAnimation.swift in Sources */ = {isa = PBXBuildFile; fileRef = 382F6AFD28D5094100BE1E25 /* CoolDismissAnimation.swift */; };
/* End PBXBuildFile section */

/* Begin PBXFileReference section */
		381E15F328D3A84700B1EE9B /* vazhuravlev_3PW1.app */ = {isa = PBXFileReference; explicitFileType = wrapper.application; includeInIndex = 0; path = vazhuravlev_3PW1.app; sourceTree = BUILT_PRODUCTS_DIR; };
		381E15F628D3A84700B1EE9B /* AppDelegate.swift */ = {isa = PBXFileReference; lastKnownFileType = sourcecode.swift; path = AppDelegate.swift; sourceTree = "<group>"; };
		381E15F828D3A84700B1EE9B /* SceneDelegate.swift */ = {isa = PBXFileReference; lastKnownFileType = sourcecode.swift; path = SceneDelegate.swift; sourceTree = "<group>"; };
		381E15FA28D3A84700B1EE9B /* ViewController.swift */ = {isa = PBXFileReference; lastKnownFileType = sourcecode.swift; path = ViewController.swift; sourceTree = "<group>"; };
		381E15FD28D3A84700B1EE9B /* Base */ = {isa = PBXFileReference; lastKnownFileType = file.storyboard; name = Base; path = Base.lproj/Main.storyboard; sourceTree = "<group>"; };
		381E15FF28D3A84800B1EE9B /* Assets.xcassets */ = {isa = PBXFileReference; lastKnownFileType = folder.assetcatalog; path = Assets.xcassets; sourceTree = "<group>"; };
		381E160228D3A84800B1EE9B /* Base */ = {isa = PBXFileReference; lastKnownFileType = file.storyboard; name = Base; path = Base.lproj/LaunchScreen.storyboard; sourceTree = "<group>"; };
		381E160428D3A84800B1EE9B /* Info.plist */ = {isa = PBXFileReference; lastKnownFileType = text.plist.xml; path = Info.plist; sourceTree = "<group>"; };
		382F6A8628D3BB5300BE1E25 /* UIColor+Hex.swift */ = {isa = PBXFileReference; lastKnownFileType = sourcecode.swift; path = "UIColor+Hex.swift"; sourceTree = "<group>"; };
		382F6AED28D4D27600BE1E25 /* ColorViewController.swift */ = {isa = PBXFileReference; lastKnownFileType = sourcecode.swift; path = ColorViewController.swift; sourceTree = "<group>"; };
		382F6AEF28D4D36000BE1E25 /* CoolTransition.swift */ = {isa = PBXFileReference; lastKnownFileType = sourcecode.swift; path = CoolTransition.swift; sourceTree = "<group>"; };
		382F6AF128D4E0B900BE1E25 /* ColorView.swift */ = {isa = PBXFileReference; lastKnownFileType = sourcecode.swift; path = ColorView.swift; sourceTree = "<group>"; };
		382F6AF328D4E0DD00BE1E25 /* ColorModel.swift */ = {isa = PBXFileReference; lastKnownFileType = sourcecode.swift; path = ColorModel.swift; sourceTree = "<group>"; };
		382F6AF628D5083500BE1E25 /* PreparableForDismiss.swift */ = {isa = PBXFileReference; lastKnownFileType = sourcecode.swift; path = PreparableForDismiss.swift; sourceTree = "<group>"; };
		382F6AF928D508FC00BE1E25 /* CoolPresentationController.swift */ = {isa = PBXFileReference; lastKnownFileType = sourcecode.swift; path = CoolPresentationController.swift; sourceTree = "<group>"; };
		382F6AFB28D5092A00BE1E25 /* CoolPresentAnimation.swift */ = {isa = PBXFileReference; lastKnownFileType = sourcecode.swift; path = CoolPresentAnimation.swift; sourceTree = "<group>"; };
		382F6AFD28D5094100BE1E25 /* CoolDismissAnimation.swift */ = {isa = PBXFileReference; lastKnownFileType = sourcecode.swift; path = CoolDismissAnimation.swift; sourceTree = "<group>"; };
/* End PBXFileReference section */

/* Begin PBXFrameworksBuildPhase section */
		381E15F028D3A84700B1EE9B /* Frameworks */ = {
			isa = PBXFrameworksBuildPhase;
			buildActionMask = 2147483647;
			files = (
			);
			runOnlyForDeploymentPostprocessing = 0;
		};
/* End PBXFrameworksBuildPhase section */

/* Begin PBXGroup section */
		381E15EA28D3A84700B1EE9B = {
			isa = PBXGroup;
			children = (
				381E15F528D3A84700B1EE9B /* vazhuravlev_3PW1 */,
				381E15F428D3A84700B1EE9B /* Products */,
			);
			sourceTree = "<group>";
		};
		381E15F428D3A84700B1EE9B /* Products */ = {
			isa = PBXGroup;
			children = (
				381E15F328D3A84700B1EE9B /* vazhuravlev_3PW1.app */,
			);
			name = Products;
			sourceTree = "<group>";
		};
		381E15F528D3A84700B1EE9B /* vazhuravlev_3PW1 */ = {
			isa = PBXGroup;
			children = (
				381E15F628D3A84700B1EE9B /* AppDelegate.swift */,
				381E15F828D3A84700B1EE9B /* SceneDelegate.swift */,
				382F6AF628D5083500BE1E25 /* PreparableForDismiss.swift */,
				382F6AF528D5080A00BE1E25 /* ViewControllers */,
				382F6AF828D508C900BE1E25 /* CoolTransition */,
				382F6AF128D4E0B900BE1E25 /* ColorView.swift */,
				382F6AF328D4E0DD00BE1E25 /* ColorModel.swift */,
				382F6A8628D3BB5300BE1E25 /* UIColor+Hex.swift */,
				381E15FC28D3A84700B1EE9B /* Main.storyboard */,
				381E15FF28D3A84800B1EE9B /* Assets.xcassets */,
				381E160128D3A84800B1EE9B /* LaunchScreen.storyboard */,
				381E160428D3A84800B1EE9B /* Info.plist */,
			);
			path = vazhuravlev_3PW1;
			sourceTree = "<group>";
		};
		382F6AF528D5080A00BE1E25 /* ViewControllers */ = {
			isa = PBXGroup;
			children = (
				381E15FA28D3A84700B1EE9B /* ViewController.swift */,
				382F6AED28D4D27600BE1E25 /* ColorViewController.swift */,
			);
			path = ViewControllers;
			sourceTree = "<group>";
		};
		382F6AF828D508C900BE1E25 /* CoolTransition */ = {
			isa = PBXGroup;
			children = (
				382F6AEF28D4D36000BE1E25 /* CoolTransition.swift */,
				382F6AF928D508FC00BE1E25 /* CoolPresentationController.swift */,
				382F6AFB28D5092A00BE1E25 /* CoolPresentAnimation.swift */,
				382F6AFD28D5094100BE1E25 /* CoolDismissAnimation.swift */,
			);
			path = CoolTransition;
			sourceTree = "<group>";
		};
/* End PBXGroup section */

/* Begin PBXNativeTarget section */
		381E15F228D3A84700B1EE9B /* vazhuravlev_3PW1 */ = {
			isa = PBXNativeTarget;
			buildConfigurationList = 381E160728D3A84800B1EE9B /* Build configuration list for PBXNativeTarget "vazhuravlev_3PW1" */;
			buildPhases = (
				381E15EF28D3A84700B1EE9B /* Sources */,
				381E15F028D3A84700B1EE9B /* Frameworks */,
				381E15F128D3A84700B1EE9B /* Resources */,
			);
			buildRules = (
			);
			dependencies = (
			);
			name = vazhuravlev_3PW1;
			productName = vazhuravlev_3PW1;
			productReference = 381E15F328D3A84700B1EE9B /* vazhuravlev_3PW1.app */;
			productType = "com.apple.product-type.application";
		};
/* End PBXNativeTarget section */

/* Begin PBXProject section */
		381E15EB28D3A84700B1EE9B /* Project object */ = {
			isa = PBXProject;
			attributes = {
				BuildIndependentTargetsInParallel = 1;
				LastSwiftUpdateCheck = 1400;
				LastUpgradeCheck = 1400;
				TargetAttributes = {
					381E15F228D3A84700B1EE9B = {
						CreatedOnToolsVersion = 14.0;
					};
				};
			};
			buildConfigurationList = 381E15EE28D3A84700B1EE9B /* Build configuration list for PBXProject "vazhuravlev_3PW1" */;
			compatibilityVersion = "Xcode 14.0";
			developmentRegion = en;
			hasScannedForEncodings = 0;
			knownRegions = (
				en,
				Base,
			);
			mainGroup = 381E15EA28D3A84700B1EE9B;
			productRefGroup = 381E15F428D3A84700B1EE9B /* Products */;
			projectDirPath = "";
			projectRoot = "";
			targets = (
				381E15F228D3A84700B1EE9B /* vazhuravlev_3PW1 */,
			);
		};
/* End PBXProject section */

/* Begin PBXResourcesBuildPhase section */
		381E15F128D3A84700B1EE9B /* Resources */ = {
			isa = PBXResourcesBuildPhase;
			buildActionMask = 2147483647;
			files = (
				381E160328D3A84800B1EE9B /* LaunchScreen.storyboard in Resources */,
				381E160028D3A84800B1EE9B /* Assets.xcassets in Resources */,
				381E15FE28D3A84700B1EE9B /* Main.storyboard in Resources */,
			);
			runOnlyForDeploymentPostprocessing = 0;
		};
/* End PBXResourcesBuildPhase section */

/* Begin PBXSourcesBuildPhase section */
		381E15EF28D3A84700B1EE9B /* Sources */ = {
			isa = PBXSourcesBuildPhase;
			buildActionMask = 2147483647;
			files = (
				382F6AFA28D508FC00BE1E25 /* CoolPresentationController.swift in Sources */,
				381E15FB28D3A84700B1EE9B /* ViewController.swift in Sources */,
				382F6AFE28D5094100BE1E25 /* CoolDismissAnimation.swift in Sources */,
				382F6A8728D3BB5300BE1E25 /* UIColor+Hex.swift in Sources */,
				382F6AFC28D5092A00BE1E25 /* CoolPresentAnimation.swift in Sources */,
				382F6AF228D4E0B900BE1E25 /* ColorView.swift in Sources */,
				382F6AF428D4E0DD00BE1E25 /* ColorModel.swift in Sources */,
				381E15F728D3A84700B1EE9B /* AppDelegate.swift in Sources */,
				382F6AF028D4D36000BE1E25 /* CoolTransition.swift in Sources */,
				382F6AF728D5083500BE1E25 /* PreparableForDismiss.swift in Sources */,
				382F6AEE28D4D27600BE1E25 /* ColorViewController.swift in Sources */,
				381E15F928D3A84700B1EE9B /* SceneDelegate.swift in Sources */,
			);
			runOnlyForDeploymentPostprocessing = 0;
		};
/* End PBXSourcesBuildPhase section */

/* Begin PBXVariantGroup section */
		381E15FC28D3A84700B1EE9B /* Main.storyboard */ = {
			isa = PBXVariantGroup;
			children = (
				381E15FD28D3A84700B1EE9B /* Base */,
			);
			name = Main.storyboard;
			sourceTree = "<group>";
		};
		381E160128D3A84800B1EE9B /* LaunchScreen.storyboard */ = {
			isa = PBXVariantGroup;
			children = (
				381E160228D3A84800B1EE9B /* Base */,
			);
			name = LaunchScreen.storyboard;
			sourceTree = "<group>";
		};
/* End PBXVariantGroup section */

/* Begin XCBuildConfiguration section */
		381E160528D3A84800B1EE9B /* Debug */ = {
			isa = XCBuildConfiguration;
			buildSettings = {
				ALWAYS_SEARCH_USER_PATHS = NO;
				CLANG_ANALYZER_NONNULL = YES;
				CLANG_ANALYZER_NUMBER_OBJECT_CONVERSION = YES_AGGRESSIVE;
				CLANG_CXX_LANGUAGE_STANDARD = "gnu++20";
				CLANG_ENABLE_MODULES = YES;
				CLANG_ENABLE_OBJC_ARC = YES;
				CLANG_ENABLE_OBJC_WEAK = YES;
				CLANG_WARN_BLOCK_CAPTURE_AUTORELEASING = YES;
				CLANG_WARN_BOOL_CONVERSION = YES;
				CLANG_WARN_COMMA = YES;
				CLANG_WARN_CONSTANT_CONVERSION = YES;
				CLANG_WARN_DEPRECATED_OBJC_IMPLEMENTATIONS = YES;
				CLANG_WARN_DIRECT_OBJC_ISA_USAGE = YES_ERROR;
				CLANG_WARN_DOCUMENTATION_COMMENTS = YES;
				CLANG_WARN_EMPTY_BODY = YES;
				CLANG_WARN_ENUM_CONVERSION = YES;
				CLANG_WARN_INFINITE_RECURSION = YES;
				CLANG_WARN_INT_CONVERSION = YES;
				CLANG_WARN_NON_LITERAL_NULL_CONVERSION = YES;
				CLANG_WARN_OBJC_IMPLICIT_RETAIN_SELF = YES;
				CLANG_WARN_OBJC_LITERAL_CONVERSION = YES;
				CLANG_WARN_OBJC_ROOT_CLASS = YES_ERROR;
				CLANG_WARN_QUOTED_INCLUDE_IN_FRAMEWORK_HEADER = YES;
				CLANG_WARN_RANGE_LOOP_ANALYSIS = YES;
				CLANG_WARN_STRICT_PROTOTYPES = YES;
				CLANG_WARN_SUSPICIOUS_MOVE = YES;
				CLANG_WARN_UNGUARDED_AVAILABILITY = YES_AGGRESSIVE;
				CLANG_WARN_UNREACHABLE_CODE = YES;
				CLANG_WARN__DUPLICATE_METHOD_MATCH = YES;
				COPY_PHASE_STRIP = NO;
				DEBUG_INFORMATION_FORMAT = dwarf;
				ENABLE_STRICT_OBJC_MSGSEND = YES;
				ENABLE_TESTABILITY = YES;
				GCC_C_LANGUAGE_STANDARD = gnu11;
				GCC_DYNAMIC_NO_PIC = NO;
				GCC_NO_COMMON_BLOCKS = YES;
				GCC_OPTIMIZATION_LEVEL = 0;
				GCC_PREPROCESSOR_DEFINITIONS = (
					"DEBUG=1",
					"$(inherited)",
				);
				GCC_WARN_64_TO_32_BIT_CONVERSION = YES;
				GCC_WARN_ABOUT_RETURN_TYPE = YES_ERROR;
				GCC_WARN_UNDECLARED_SELECTOR = YES;
				GCC_WARN_UNINITIALIZED_AUTOS = YES_AGGRESSIVE;
				GCC_WARN_UNUSED_FUNCTION = YES;
				GCC_WARN_UNUSED_VARIABLE = YES;
				IPHONEOS_DEPLOYMENT_TARGET = 16.0;
				MTL_ENABLE_DEBUG_INFO = INCLUDE_SOURCE;
				MTL_FAST_MATH = YES;
				ONLY_ACTIVE_ARCH = YES;
				SDKROOT = iphoneos;
				SWIFT_ACTIVE_COMPILATION_CONDITIONS = DEBUG;
				SWIFT_OPTIMIZATION_LEVEL = "-Onone";
			};
			name = Debug;
		};
		381E160628D3A84800B1EE9B /* Release */ = {
			isa = XCBuildConfiguration;
			buildSettings = {
				ALWAYS_SEARCH_USER_PATHS = NO;
				CLANG_ANALYZER_NONNULL = YES;
				CLANG_ANALYZER_NUMBER_OBJECT_CONVERSION = YES_AGGRESSIVE;
				CLANG_CXX_LANGUAGE_STANDARD = "gnu++20";
				CLANG_ENABLE_MODULES = YES;
				CLANG_ENABLE_OBJC_ARC = YES;
				CLANG_ENABLE_OBJC_WEAK = YES;
				CLANG_WARN_BLOCK_CAPTURE_AUTORELEASING = YES;
				CLANG_WARN_BOOL_CONVERSION = YES;
				CLANG_WARN_COMMA = YES;
				CLANG_WARN_CONSTANT_CONVERSION = YES;
				CLANG_WARN_DEPRECATED_OBJC_IMPLEMENTATIONS = YES;
				CLANG_WARN_DIRECT_OBJC_ISA_USAGE = YES_ERROR;
				CLANG_WARN_DOCUMENTATION_COMMENTS = YES;
				CLANG_WARN_EMPTY_BODY = YES;
				CLANG_WARN_ENUM_CONVERSION = YES;
				CLANG_WARN_INFINITE_RECURSION = YES;
				CLANG_WARN_INT_CONVERSION = YES;
				CLANG_WARN_NON_LITERAL_NULL_CONVERSION = YES;
				CLANG_WARN_OBJC_IMPLICIT_RETAIN_SELF = YES;
				CLANG_WARN_OBJC_LITERAL_CONVERSION = YES;
				CLANG_WARN_OBJC_ROOT_CLASS = YES_ERROR;
				CLANG_WARN_QUOTED_INCLUDE_IN_FRAMEWORK_HEADER = YES;
				CLANG_WARN_RANGE_LOOP_ANALYSIS = YES;
				CLANG_WARN_STRICT_PROTOTYPES = YES;
				CLANG_WARN_SUSPICIOUS_MOVE = YES;
				CLANG_WARN_UNGUARDED_AVAILABILITY = YES_AGGRESSIVE;
				CLANG_WARN_UNREACHABLE_CODE = YES;
				CLANG_WARN__DUPLICATE_METHOD_MATCH = YES;
				COPY_PHASE_STRIP = NO;
				DEBUG_INFORMATION_FORMAT = "dwarf-with-dsym";
				ENABLE_NS_ASSERTIONS = NO;
				ENABLE_STRICT_OBJC_MSGSEND = YES;
				GCC_C_LANGUAGE_STANDARD = gnu11;
				GCC_NO_COMMON_BLOCKS = YES;
				GCC_WARN_64_TO_32_BIT_CONVERSION = YES;
				GCC_WARN_ABOUT_RETURN_TYPE = YES_ERROR;
				GCC_WARN_UNDECLARED_SELECTOR = YES;
				GCC_WARN_UNINITIALIZED_AUTOS = YES_AGGRESSIVE;
				GCC_WARN_UNUSED_FUNCTION = YES;
				GCC_WARN_UNUSED_VARIABLE = YES;
				IPHONEOS_DEPLOYMENT_TARGET = 16.0;
				MTL_ENABLE_DEBUG_INFO = NO;
				MTL_FAST_MATH = YES;
				SDKROOT = iphoneos;
				SWIFT_COMPILATION_MODE = wholemodule;
				SWIFT_OPTIMIZATION_LEVEL = "-O";
				VALIDATE_PRODUCT = YES;
			};
			name = Release;
		};
		381E160828D3A84800B1EE9B /* Debug */ = {
			isa = XCBuildConfiguration;
			buildSettings = {
				ASSETCATALOG_COMPILER_APPICON_NAME = AppIcon;
				ASSETCATALOG_COMPILER_GLOBAL_ACCENT_COLOR_NAME = AccentColor;
				CODE_SIGN_STYLE = Automatic;
				CURRENT_PROJECT_VERSION = 1;
				DEVELOPMENT_TEAM = 8Y3W67AZM6;
				GENERATE_INFOPLIST_FILE = YES;
				INFOPLIST_FILE = vazhuravlev_3PW1/Info.plist;
				INFOPLIST_KEY_UIApplicationSupportsIndirectInputEvents = YES;
				INFOPLIST_KEY_UILaunchStoryboardName = LaunchScreen;
				INFOPLIST_KEY_UIMainStoryboardFile = Main;
				INFOPLIST_KEY_UISupportedInterfaceOrientations = UIInterfaceOrientationPortrait;
				IPHONEOS_DEPLOYMENT_TARGET = 15.0;
				LD_RUNPATH_SEARCH_PATHS = (
					"$(inherited)",
					"@executable_path/Frameworks",
				);
				MARKETING_VERSION = 1.0;
				PRODUCT_BUNDLE_IDENTIFIER = "com.zhulery.vazhuravlev-3PW1";
				PRODUCT_NAME = "$(TARGET_NAME)";
				SWIFT_EMIT_LOC_STRINGS = YES;
				SWIFT_VERSION = 5.0;
				TARGETED_DEVICE_FAMILY = "1,2";
			};
			name = Debug;
		};
		381E160928D3A84800B1EE9B /* Release */ = {
			isa = XCBuildConfiguration;
			buildSettings = {
				ASSETCATALOG_COMPILER_APPICON_NAME = AppIcon;
				ASSETCATALOG_COMPILER_GLOBAL_ACCENT_COLOR_NAME = AccentColor;
				CODE_SIGN_STYLE = Automatic;
				CURRENT_PROJECT_VERSION = 1;
				DEVELOPMENT_TEAM = 8Y3W67AZM6;
				GENERATE_INFOPLIST_FILE = YES;
				INFOPLIST_FILE = vazhuravlev_3PW1/Info.plist;
				INFOPLIST_KEY_UIApplicationSupportsIndirectInputEvents = YES;
				INFOPLIST_KEY_UILaunchStoryboardName = LaunchScreen;
				INFOPLIST_KEY_UIMainStoryboardFile = Main;
				INFOPLIST_KEY_UISupportedInterfaceOrientations = UIInterfaceOrientationPortrait;
				IPHONEOS_DEPLOYMENT_TARGET = 15.0;
				LD_RUNPATH_SEARCH_PATHS = (
					"$(inherited)",
					"@executable_path/Frameworks",
				);
				MARKETING_VERSION = 1.0;
				PRODUCT_BUNDLE_IDENTIFIER = "com.zhulery.vazhuravlev-3PW1";
				PRODUCT_NAME = "$(TARGET_NAME)";
				SWIFT_EMIT_LOC_STRINGS = YES;
				SWIFT_VERSION = 5.0;
				TARGETED_DEVICE_FAMILY = "1,2";
			};
			name = Release;
		};
/* End XCBuildConfiguration section */

/* Begin XCConfigurationList section */
		381E15EE28D3A84700B1EE9B /* Build configuration list for PBXProject "vazhuravlev_3PW1" */ = {
			isa = XCConfigurationList;
			buildConfigurations = (
				381E160528D3A84800B1EE9B /* Debug */,
				381E160628D3A84800B1EE9B /* Release */,
			);
			defaultConfigurationIsVisible = 0;
			defaultConfigurationName = Release;
		};
		381E160728D3A84800B1EE9B /* Build configuration list for PBXNativeTarget "vazhuravlev_3PW1" */ = {
			isa = XCConfigurationList;
			buildConfigurations = (
				381E160828D3A84800B1EE9B /* Debug */,
				381E160928D3A84800B1EE9B /* Release */,
			);
			defaultConfigurationIsVisible = 0;
			defaultConfigurationName = Release;
		};
/* End XCConfigurationList section */
	};
	rootObject = 381E15EB28D3A84700B1EE9B /* Project object */;
}
